
Microsoft Visual Studio Solution File, Format Version 12.00
# Visual Studio Version 17
VisualStudioVersion = 17.0.31903.59
MinimumVisualStudioVersion = 10.0.40219.1
Project("{2150E333-8FDC-42A3-9474-1A3956D46DE8}") = "src", "src", "{53ACDA34-1639-467F-B695-1BE76D811BB7}"
EndProject
Project("{FAE04EC0-301F-11D3-BF4B-00C04F79EFBC}") = "WhatsUpMon.Api", "src\WhatsUpMon.Api\WhatsUpMon.Api.csproj", "{DADBDDEA-09CF-46DD-888D-92F13E9F4B29}"
EndProject
Project("{FAE04EC0-301F-11D3-BF4B-00C04F79EFBC}") = "WhatsUpMon.Console", "src\WhatsUpMon.Console\WhatsUpMon.Console.csproj", "{931D8BDD-CBE0-419A-A948-D0C83F8CE94A}"
EndProject
Project("{FAE04EC0-301F-11D3-BF4B-00C04F79EFBC}") = "WhatsUpMon.Web", "src\WhatsUpMon.Web\WhatsUpMon.Web.csproj", "{A96659BD-562C-4470-B599-87C71A84165E}"
EndProject
Global
	GlobalSection(SolutionConfigurationPlatforms) = preSolution
		Debug|Any CPU = Debug|Any CPU
		Release|Any CPU = Release|Any CPU
	EndGlobalSection
	GlobalSection(SolutionProperties) = preSolution
		HideSolutionNode = FALSE
	EndGlobalSection
	GlobalSection(ProjectConfigurationPlatforms) = postSolution
		{DADBDDEA-09CF-46DD-888D-92F13E9F4B29}.Debug|Any CPU.ActiveCfg = Debug|Any CPU
		{DADBDDEA-09CF-46DD-888D-92F13E9F4B29}.Debug|Any CPU.Build.0 = Debug|Any CPU
		{DADBDDEA-09CF-46DD-888D-92F13E9F4B29}.Release|Any CPU.ActiveCfg = Release|Any CPU
		{DADBDDEA-09CF-46DD-888D-92F13E9F4B29}.Release|Any CPU.Build.0 = Release|Any CPU
		{931D8BDD-CBE0-419A-A948-D0C83F8CE94A}.Debug|Any CPU.ActiveCfg = Debug|Any CPU
		{931D8BDD-CBE0-419A-A948-D0C83F8CE94A}.Debug|Any CPU.Build.0 = Debug|Any CPU
		{931D8BDD-CBE0-419A-A948-D0C83F8CE94A}.Release|Any CPU.ActiveCfg = Release|Any CPU
		{931D8BDD-CBE0-419A-A948-D0C83F8CE94A}.Release|Any CPU.Build.0 = Release|Any CPU
		{A96659BD-562C-4470-B599-87C71A84165E}.Debug|Any CPU.ActiveCfg = Debug|Any CPU
		{A96659BD-562C-4470-B599-87C71A84165E}.Debug|Any CPU.Build.0 = Debug|Any CPU
		{A96659BD-562C-4470-B599-87C71A84165E}.Release|Any CPU.ActiveCfg = Release|Any CPU
		{A96659BD-562C-4470-B599-87C71A84165E}.Release|Any CPU.Build.0 = Release|Any CPU
	EndGlobalSection
	GlobalSection(NestedProjects) = preSolution
		{DADBDDEA-09CF-46DD-888D-92F13E9F4B29} = {53ACDA34-1639-467F-B695-1BE76D811BB7}
		{931D8BDD-CBE0-419A-A948-D0C83F8CE94A} = {53ACDA34-1639-467F-B695-1BE76D811BB7}
		{A96659BD-562C-4470-B599-87C71A84165E} = {53ACDA34-1639-467F-B695-1BE76D811BB7}
	EndGlobalSection
EndGlobal
